
Microsoft Visual Studio Solution File, Format Version 12.00
# Visual Studio Version 17
VisualStudioVersion = 17.6.33513.286
MinimumVisualStudioVersion = 10.0.40219.1
Project("{FAE04EC0-301F-11D3-BF4B-00C04F79EFBC}") = "WorkerService", "WorkerService\WorkerService.csproj", "{C3A08E93-B92F-473B-972B-A00311ECB125}"
EndProject
Project("{F184B08F-C81C-45F6-A57F-5ABD9991F28F}") = "WorkerServiceVB", "WorkerServiceVB\WorkerServiceVB.vbproj", "{5F0B26E0-1FC1-47B7-9A65-B1F6C3B63298}"
EndProject
Global
	GlobalSection(SolutionConfigurationPlatforms) = preSolution
		Debug|Any CPU = Debug|Any CPU
		Release|Any CPU = Release|Any CPU
	EndGlobalSection
	GlobalSection(ProjectConfigurationPlatforms) = postSolution
		{C3A08E93-B92F-473B-972B-A00311ECB125}.Debug|Any CPU.ActiveCfg = Debug|Any CPU
		{C3A08E93-B92F-473B-972B-A00311ECB125}.Debug|Any CPU.Build.0 = Debug|Any CPU
		{C3A08E93-B92F-473B-972B-A00311ECB125}.Release|Any CPU.ActiveCfg = Release|Any CPU
		{C3A08E93-B92F-473B-972B-A00311ECB125}.Release|Any CPU.Build.0 = Release|Any CPU
		{5F0B26E0-1FC1-47B7-9A65-B1F6C3B63298}.Debug|Any CPU.ActiveCfg = Debug|Any CPU
		{5F0B26E0-1FC1-47B7-9A65-B1F6C3B63298}.Debug|Any CPU.Build.0 = Debug|Any CPU
		{5F0B26E0-1FC1-47B7-9A65-B1F6C3B63298}.Release|Any CPU.ActiveCfg = Release|Any CPU
		{5F0B26E0-1FC1-47B7-9A65-B1F6C3B63298}.Release|Any CPU.Build.0 = Release|Any CPU
	EndGlobalSection
	GlobalSection(SolutionProperties) = preSolution
		HideSolutionNode = FALSE
	EndGlobalSection
	GlobalSection(ExtensibilityGlobals) = postSolution
		SolutionGuid = {70E1CCB1-842A-4A23-A253-5BBD207400CB}
	EndGlobalSection
EndGlobal
